// !$*UTF8*$!
{
	archiveVersion = 1;
	classes = {
	};
	objectVersion = 46;
	objects = {

/* Begin PBXBuildFile section */
		2853230F19A6F41E005DFF97 /* AppDelegate.m in Sources */ = {isa = PBXBuildFile; fileRef = 285322E519A6F41E005DFF97 /* AppDelegate.m */; };
		2853231019A6F41E005DFF97 /* DescriptionViewController.m in Sources */ = {isa = PBXBuildFile; fileRef = 285322E719A6F41E005DFF97 /* DescriptionViewController.m */; };
		2853231119A6F41E005DFF97 /* DetailViewController.m in Sources */ = {isa = PBXBuildFile; fileRef = 285322E919A6F41E005DFF97 /* DetailViewController.m */; };
		2853231219A6F41E005DFF97 /* MasterViewController.m in Sources */ = {isa = PBXBuildFile; fileRef = 285322EB19A6F41E005DFF97 /* MasterViewController.m */; };
		2853231619A6F41E005DFF97 /* Images.xcassets in Resources */ = {isa = PBXBuildFile; fileRef = 285322F419A6F41E005DFF97 /* Images.xcassets */; };
		2853231719A6F41E005DFF97 /* background.png in Resources */ = {isa = PBXBuildFile; fileRef = 285322F719A6F41E005DFF97 /* background.png */; };
		2853231819A6F41E005DFF97 /* cellBg.png in Resources */ = {isa = PBXBuildFile; fileRef = 285322F819A6F41E005DFF97 /* cellBg.png */; };
		2853231919A6F41E005DFF97 /* InfoPlist.strings in Resources */ = {isa = PBXBuildFile; fileRef = 285322F919A6F41E005DFF97 /* InfoPlist.strings */; };
		2853231A19A6F41E005DFF97 /* Main_iPad.storyboard in Resources */ = {isa = PBXBuildFile; fileRef = 285322FA19A6F41E005DFF97 /* Main_iPad.storyboard */; };
		2853231B19A6F41E005DFF97 /* Main_iPhone.storyboard in Resources */ = {isa = PBXBuildFile; fileRef = 285322FB19A6F41E005DFF97 /* Main_iPhone.storyboard */; };
		2853232B19A6F4C9005DFF97 /* ABCommonUtils.m in Sources */ = {isa = PBXBuildFile; fileRef = 2853232519A6F4C9005DFF97 /* ABCommonUtils.m */; };
		2853232C19A6F4C9005DFF97 /* ABParser.m in Sources */ = {isa = PBXBuildFile; fileRef = 2853232719A6F4C9005DFF97 /* ABParser.m */; };
		2853232D19A6F4C9005DFF97 /* ABRestInterface.m in Sources */ = {isa = PBXBuildFile; fileRef = 2853232919A6F4C9005DFF97 /* ABRestInterface.m */; };
		2853233219A6F57B005DFF97 /* main.m in Sources */ = {isa = PBXBuildFile; fileRef = 2853233019A6F57B005DFF97 /* main.m */; };
		2856088819A9917A00E9874E /* sectionarrow_down.png in Resources */ = {isa = PBXBuildFile; fileRef = 2856088019A9917A00E9874E /* sectionarrow_down.png */; };
		2856088919A9917A00E9874E /* sectionarrow_down@2x.png in Resources */ = {isa = PBXBuildFile; fileRef = 2856088119A9917A00E9874E /* sectionarrow_down@2x.png */; };
		2856088A19A9917A00E9874E /* sectionheader_blue.png in Resources */ = {isa = PBXBuildFile; fileRef = 2856088219A9917A00E9874E /* sectionheader_blue.png */; };
		2856088B19A9917A00E9874E /* sectionheader_blue@2x.png in Resources */ = {isa = PBXBuildFile; fileRef = 2856088319A9917A00E9874E /* sectionheader_blue@2x.png */; };
		2856088C19A9917A00E9874E /* sectionheader.png in Resources */ = {isa = PBXBuildFile; fileRef = 2856088419A9917A00E9874E /* sectionheader.png */; };
		2856088D19A9917A00E9874E /* sectionheader@2x.png in Resources */ = {isa = PBXBuildFile; fileRef = 2856088519A9917A00E9874E /* sectionheader@2x.png */; };
		2856088E19A9917A00E9874E /* sectionlist.png in Resources */ = {isa = PBXBuildFile; fileRef = 2856088619A9917A00E9874E /* sectionlist.png */; };
		2856088F19A9917A00E9874E /* sectionlist2x.png in Resources */ = {isa = PBXBuildFile; fileRef = 2856088719A9917A00E9874E /* sectionlist2x.png */; };
		286C8FA9198BF35500B57E9A /* Foundation.framework in Frameworks */ = {isa = PBXBuildFile; fileRef = 286C8FA8198BF35500B57E9A /* Foundation.framework */; };
		286C8FAB198BF35500B57E9A /* CoreGraphics.framework in Frameworks */ = {isa = PBXBuildFile; fileRef = 286C8FAA198BF35500B57E9A /* CoreGraphics.framework */; };
		286C8FAD198BF35500B57E9A /* UIKit.framework in Frameworks */ = {isa = PBXBuildFile; fileRef = 286C8FAC198BF35500B57E9A /* UIKit.framework */; };
		286C8FCE198BF35500B57E9A /* XCTest.framework in Frameworks */ = {isa = PBXBuildFile; fileRef = 286C8FCD198BF35500B57E9A /* XCTest.framework */; };
		286C8FCF198BF35500B57E9A /* Foundation.framework in Frameworks */ = {isa = PBXBuildFile; fileRef = 286C8FA8198BF35500B57E9A /* Foundation.framework */; };
		286C8FD0198BF35500B57E9A /* UIKit.framework in Frameworks */ = {isa = PBXBuildFile; fileRef = 286C8FAC198BF35500B57E9A /* UIKit.framework */; };
		286C8FD8198BF35500B57E9A /* InfoPlist.strings in Resources */ = {isa = PBXBuildFile; fileRef = 286C8FD6198BF35500B57E9A /* InfoPlist.strings */; };
		286C8FDA198BF35500B57E9A /* EarthQuakeAlertTests.m in Sources */ = {isa = PBXBuildFile; fileRef = 286C8FD9198BF35500B57E9A /* EarthQuakeAlertTests.m */; };
		286C8FED198BFC9000B57E9A /* NSString+Extension.m in Sources */ = {isa = PBXBuildFile; fileRef = 286C8FEC198BFC9000B57E9A /* NSString+Extension.m */; };
		28DBC0B719B57A8300B328E1 /* ABECollapseHeaderView.m in Sources */ = {isa = PBXBuildFile; fileRef = 28DBC0B519B57A8300B328E1 /* ABECollapseHeaderView.m */; };
		28DBC0B819B57A8300B328E1 /* ABECollapseHeaderView.xib in Resources */ = {isa = PBXBuildFile; fileRef = 28DBC0B619B57A8300B328E1 /* ABECollapseHeaderView.xib */; };
		28DBC0C519B6C73D00B328E1 /* STCollapseTableView.m in Sources */ = {isa = PBXBuildFile; fileRef = 28DBC0C419B6C73D00B328E1 /* STCollapseTableView.m */; };
/* End PBXBuildFile section */

/* Begin PBXContainerItemProxy section */
		286C8FD1198BF35500B57E9A /* PBXContainerItemProxy */ = {
			isa = PBXContainerItemProxy;
			containerPortal = 286C8F9D198BF35500B57E9A /* Project object */;
			proxyType = 1;
			remoteGlobalIDString = 286C8FA4198BF35500B57E9A;
			remoteInfo = EarthQuakeAlert;
		};
/* End PBXContainerItemProxy section */

/* Begin PBXFileReference section */
		284DD73E19A7BFE400CC416D /* libPods-ABCustomControl.a */ = {isa = PBXFileReference; lastKnownFileType = archive.ar; name = "libPods-ABCustomControl.a"; path = "Pods/build/Debug-iphoneos/libPods-ABCustomControl.a"; sourceTree = "<group>"; };
		284DD74319A7D02400CC416D /* libPods.a */ = {isa = PBXFileReference; lastKnownFileType = archive.ar; name = libPods.a; path = "Pods/build/Debug-iphoneos/libPods.a"; sourceTree = "<group>"; };
		285322E419A6F41E005DFF97 /* AppDelegate.h */ = {isa = PBXFileReference; fileEncoding = 4; lastKnownFileType = sourcecode.c.h; path = AppDelegate.h; sourceTree = "<group>"; };
		285322E519A6F41E005DFF97 /* AppDelegate.m */ = {isa = PBXFileReference; fileEncoding = 4; lastKnownFileType = sourcecode.c.objc; path = AppDelegate.m; sourceTree = "<group>"; };
		285322E619A6F41E005DFF97 /* DescriptionViewController.h */ = {isa = PBXFileReference; fileEncoding = 4; lastKnownFileType = sourcecode.c.h; path = DescriptionViewController.h; sourceTree = "<group>"; };
		285322E719A6F41E005DFF97 /* DescriptionViewController.m */ = {isa = PBXFileReference; fileEncoding = 4; lastKnownFileType = sourcecode.c.objc; path = DescriptionViewController.m; sourceTree = "<group>"; };
		285322E819A6F41E005DFF97 /* DetailViewController.h */ = {isa = PBXFileReference; fileEncoding = 4; lastKnownFileType = sourcecode.c.h; path = DetailViewController.h; sourceTree = "<group>"; };
		285322E919A6F41E005DFF97 /* DetailViewController.m */ = {isa = PBXFileReference; fileEncoding = 4; lastKnownFileType = sourcecode.c.objc; path = DetailViewController.m; sourceTree = "<group>"; };
		285322EA19A6F41E005DFF97 /* MasterViewController.h */ = {isa = PBXFileReference; fileEncoding = 4; lastKnownFileType = sourcecode.c.h; path = MasterViewController.h; sourceTree = "<group>"; };
		285322EB19A6F41E005DFF97 /* MasterViewController.m */ = {isa = PBXFileReference; fileEncoding = 4; lastKnownFileType = sourcecode.c.objc; path = MasterViewController.m; sourceTree = "<group>"; };
		285322F419A6F41E005DFF97 /* Images.xcassets */ = {isa = PBXFileReference; lastKnownFileType = folder.assetcatalog; path = Images.xcassets; sourceTree = "<group>"; };
		285322F719A6F41E005DFF97 /* background.png */ = {isa = PBXFileReference; lastKnownFileType = image.png; path = background.png; sourceTree = "<group>"; };
		285322F819A6F41E005DFF97 /* cellBg.png */ = {isa = PBXFileReference; lastKnownFileType = image.png; path = cellBg.png; sourceTree = "<group>"; };
		285322F919A6F41E005DFF97 /* InfoPlist.strings */ = {isa = PBXFileReference; fileEncoding = 4; lastKnownFileType = text.plist.strings; path = InfoPlist.strings; sourceTree = "<group>"; };
		285322FA19A6F41E005DFF97 /* Main_iPad.storyboard */ = {isa = PBXFileReference; fileEncoding = 4; lastKnownFileType = file.storyboard; path = Main_iPad.storyboard; sourceTree = "<group>"; };
		285322FB19A6F41E005DFF97 /* Main_iPhone.storyboard */ = {isa = PBXFileReference; fileEncoding = 4; lastKnownFileType = file.storyboard; path = Main_iPhone.storyboard; sourceTree = "<group>"; };
		2853232419A6F4C9005DFF97 /* ABCommonUtils.h */ = {isa = PBXFileReference; fileEncoding = 4; lastKnownFileType = sourcecode.c.h; path = ABCommonUtils.h; sourceTree = "<group>"; };
		2853232519A6F4C9005DFF97 /* ABCommonUtils.m */ = {isa = PBXFileReference; fileEncoding = 4; lastKnownFileType = sourcecode.c.objc; path = ABCommonUtils.m; sourceTree = "<group>"; };
		2853232619A6F4C9005DFF97 /* ABParser.h */ = {isa = PBXFileReference; fileEncoding = 4; lastKnownFileType = sourcecode.c.h; path = ABParser.h; sourceTree = "<group>"; };
		2853232719A6F4C9005DFF97 /* ABParser.m */ = {isa = PBXFileReference; fileEncoding = 4; lastKnownFileType = sourcecode.c.objc; path = ABParser.m; sourceTree = "<group>"; };
		2853232819A6F4C9005DFF97 /* ABRestInterface.h */ = {isa = PBXFileReference; fileEncoding = 4; lastKnownFileType = sourcecode.c.h; path = ABRestInterface.h; sourceTree = "<group>"; };
		2853232919A6F4C9005DFF97 /* ABRestInterface.m */ = {isa = PBXFileReference; fileEncoding = 4; lastKnownFileType = sourcecode.c.objc; path = ABRestInterface.m; sourceTree = "<group>"; };
		2853232A19A6F4C9005DFF97 /* WFMLocalization.h */ = {isa = PBXFileReference; fileEncoding = 4; lastKnownFileType = sourcecode.c.h; path = WFMLocalization.h; sourceTree = "<group>"; };
		2853232E19A6F57B005DFF97 /* EarthQuakeAlert-Info.plist */ = {isa = PBXFileReference; fileEncoding = 4; lastKnownFileType = text.plist.xml; name = "EarthQuakeAlert-Info.plist"; path = "EarthQuakeAlert/EarthQuakeAlert-Info.plist"; sourceTree = SOURCE_ROOT; };
		2853232F19A6F57B005DFF97 /* EarthQuakeAlert-Prefix.pch */ = {isa = PBXFileReference; fileEncoding = 4; lastKnownFileType = sourcecode.c.h; name = "EarthQuakeAlert-Prefix.pch"; path = "EarthQuakeAlert/EarthQuakeAlert-Prefix.pch"; sourceTree = SOURCE_ROOT; };
		2853233019A6F57B005DFF97 /* main.m */ = {isa = PBXFileReference; fileEncoding = 4; lastKnownFileType = sourcecode.c.objc; name = main.m; path = EarthQuakeAlert/main.m; sourceTree = SOURCE_ROOT; };
		2856088019A9917A00E9874E /* sectionarrow_down.png */ = {isa = PBXFileReference; lastKnownFileType = image.png; path = sectionarrow_down.png; sourceTree = "<group>"; };
		2856088119A9917A00E9874E /* sectionarrow_down@2x.png */ = {isa = PBXFileReference; lastKnownFileType = image.png; path = "sectionarrow_down@2x.png"; sourceTree = "<group>"; };
		2856088219A9917A00E9874E /* sectionheader_blue.png */ = {isa = PBXFileReference; lastKnownFileType = image.png; path = sectionheader_blue.png; sourceTree = "<group>"; };
		2856088319A9917A00E9874E /* sectionheader_blue@2x.png */ = {isa = PBXFileReference; lastKnownFileType = image.png; path = "sectionheader_blue@2x.png"; sourceTree = "<group>"; };
		2856088419A9917A00E9874E /* sectionheader.png */ = {isa = PBXFileReference; lastKnownFileType = image.png; path = sectionheader.png; sourceTree = "<group>"; };
		2856088519A9917A00E9874E /* sectionheader@2x.png */ = {isa = PBXFileReference; lastKnownFileType = image.png; path = "sectionheader@2x.png"; sourceTree = "<group>"; };
		2856088619A9917A00E9874E /* sectionlist.png */ = {isa = PBXFileReference; lastKnownFileType = image.png; path = sectionlist.png; sourceTree = "<group>"; };
		2856088719A9917A00E9874E /* sectionlist2x.png */ = {isa = PBXFileReference; lastKnownFileType = image.png; path = sectionlist2x.png; sourceTree = "<group>"; };
		286C8FA5198BF35500B57E9A /* EarthQuakeAlert.app */ = {isa = PBXFileReference; explicitFileType = wrapper.application; includeInIndex = 0; path = EarthQuakeAlert.app; sourceTree = BUILT_PRODUCTS_DIR; };
		286C8FA8198BF35500B57E9A /* Foundation.framework */ = {isa = PBXFileReference; lastKnownFileType = wrapper.framework; name = Foundation.framework; path = System/Library/Frameworks/Foundation.framework; sourceTree = SDKROOT; };
		286C8FAA198BF35500B57E9A /* CoreGraphics.framework */ = {isa = PBXFileReference; lastKnownFileType = wrapper.framework; name = CoreGraphics.framework; path = System/Library/Frameworks/CoreGraphics.framework; sourceTree = SDKROOT; };
		286C8FAC198BF35500B57E9A /* UIKit.framework */ = {isa = PBXFileReference; lastKnownFileType = wrapper.framework; name = UIKit.framework; path = System/Library/Frameworks/UIKit.framework; sourceTree = SDKROOT; };
		286C8FCC198BF35500B57E9A /* EarthQuakeAlertTests.xctest */ = {isa = PBXFileReference; explicitFileType = wrapper.cfbundle; includeInIndex = 0; path = EarthQuakeAlertTests.xctest; sourceTree = BUILT_PRODUCTS_DIR; };
		286C8FCD198BF35500B57E9A /* XCTest.framework */ = {isa = PBXFileReference; lastKnownFileType = wrapper.framework; name = XCTest.framework; path = Library/Frameworks/XCTest.framework; sourceTree = DEVELOPER_DIR; };
		286C8FD5198BF35500B57E9A /* EarthQuakeAlertTests-Info.plist */ = {isa = PBXFileReference; lastKnownFileType = text.plist.xml; path = "EarthQuakeAlertTests-Info.plist"; sourceTree = "<group>"; };
		286C8FD7198BF35500B57E9A /* en */ = {isa = PBXFileReference; lastKnownFileType = text.plist.strings; name = en; path = en.lproj/InfoPlist.strings; sourceTree = "<group>"; };
		286C8FD9198BF35500B57E9A /* EarthQuakeAlertTests.m */ = {isa = PBXFileReference; lastKnownFileType = sourcecode.c.objc; path = EarthQuakeAlertTests.m; sourceTree = "<group>"; };
		286C8FEB198BFC9000B57E9A /* NSString+Extension.h */ = {isa = PBXFileReference; fileEncoding = 4; lastKnownFileType = sourcecode.c.h; path = "NSString+Extension.h"; sourceTree = "<group>"; };
		286C8FEC198BFC9000B57E9A /* NSString+Extension.m */ = {isa = PBXFileReference; fileEncoding = 4; lastKnownFileType = sourcecode.c.objc; path = "NSString+Extension.m"; sourceTree = "<group>"; };
		28DBC0B419B57A8300B328E1 /* ABECollapseHeaderView.h */ = {isa = PBXFileReference; fileEncoding = 4; lastKnownFileType = sourcecode.c.h; path = ABECollapseHeaderView.h; sourceTree = "<group>"; };
		28DBC0B519B57A8300B328E1 /* ABECollapseHeaderView.m */ = {isa = PBXFileReference; fileEncoding = 4; lastKnownFileType = sourcecode.c.objc; path = ABECollapseHeaderView.m; sourceTree = "<group>"; };
		28DBC0B619B57A8300B328E1 /* ABECollapseHeaderView.xib */ = {isa = PBXFileReference; fileEncoding = 4; lastKnownFileType = file.xib; path = ABECollapseHeaderView.xib; sourceTree = "<group>"; };
		28DBC0C319B6C73D00B328E1 /* STCollapseTableView.h */ = {isa = PBXFileReference; fileEncoding = 4; lastKnownFileType = sourcecode.c.h; path = STCollapseTableView.h; sourceTree = "<group>"; };
		28DBC0C419B6C73D00B328E1 /* STCollapseTableView.m */ = {isa = PBXFileReference; fileEncoding = 4; lastKnownFileType = sourcecode.c.objc; path = STCollapseTableView.m; sourceTree = "<group>"; };
		C0B501C93EA44D799BF1EE7C /* libPods.a */ = {isa = PBXFileReference; explicitFileType = archive.ar; includeInIndex = 0; path = libPods.a; sourceTree = BUILT_PRODUCTS_DIR; };
		E593B53578034AF8A93348C4 /* Pods.xcconfig */ = {isa = PBXFileReference; includeInIndex = 1; lastKnownFileType = text.xcconfig; name = Pods.xcconfig; path = Pods/Pods.xcconfig; sourceTree = "<group>"; };
/* End PBXFileReference section */

/* Begin PBXFrameworksBuildPhase section */
		286C8FA2198BF35500B57E9A /* Frameworks */ = {
			isa = PBXFrameworksBuildPhase;
			buildActionMask = 2147483647;
			files = (
				286C8FAB198BF35500B57E9A /* CoreGraphics.framework in Frameworks */,
				286C8FAD198BF35500B57E9A /* UIKit.framework in Frameworks */,
				286C8FA9198BF35500B57E9A /* Foundation.framework in Frameworks */,
			);
			runOnlyForDeploymentPostprocessing = 0;
		};
		286C8FC9198BF35500B57E9A /* Frameworks */ = {
			isa = PBXFrameworksBuildPhase;
			buildActionMask = 2147483647;
			files = (
				286C8FCE198BF35500B57E9A /* XCTest.framework in Frameworks */,
				286C8FD0198BF35500B57E9A /* UIKit.framework in Frameworks */,
				286C8FCF198BF35500B57E9A /* Foundation.framework in Frameworks */,
			);
			runOnlyForDeploymentPostprocessing = 0;
		};
/* End PBXFrameworksBuildPhase section */

/* Begin PBXGroup section */
		285322E319A6F41E005DFF97 /* ABViewController */ = {
			isa = PBXGroup;
			children = (
				28DBC0B419B57A8300B328E1 /* ABECollapseHeaderView.h */,
				28DBC0B519B57A8300B328E1 /* ABECollapseHeaderView.m */,
				28DBC0B619B57A8300B328E1 /* ABECollapseHeaderView.xib */,
				285322E419A6F41E005DFF97 /* AppDelegate.h */,
				285322E519A6F41E005DFF97 /* AppDelegate.m */,
				285322E619A6F41E005DFF97 /* DescriptionViewController.h */,
				285322E719A6F41E005DFF97 /* DescriptionViewController.m */,
				285322E819A6F41E005DFF97 /* DetailViewController.h */,
				285322E919A6F41E005DFF97 /* DetailViewController.m */,
				285322EA19A6F41E005DFF97 /* MasterViewController.h */,
				285322EB19A6F41E005DFF97 /* MasterViewController.m */,
			);
			path = ABViewController;
			sourceTree = "<group>";
		};
		285322F519A6F41E005DFF97 /* Resource */ = {
			isa = PBXGroup;
			children = (
				285322F619A6F41E005DFF97 /* Icons */,
				285322F919A6F41E005DFF97 /* InfoPlist.strings */,
				285322FA19A6F41E005DFF97 /* Main_iPad.storyboard */,
				285322FB19A6F41E005DFF97 /* Main_iPhone.storyboard */,
			);
			path = Resource;
			sourceTree = "<group>";
		};
		285322F619A6F41E005DFF97 /* Icons */ = {
			isa = PBXGroup;
			children = (
				2856088019A9917A00E9874E /* sectionarrow_down.png */,
				2856088119A9917A00E9874E /* sectionarrow_down@2x.png */,
				2856088219A9917A00E9874E /* sectionheader_blue.png */,
				2856088319A9917A00E9874E /* sectionheader_blue@2x.png */,
				2856088419A9917A00E9874E /* sectionheader.png */,
				2856088519A9917A00E9874E /* sectionheader@2x.png */,
				2856088619A9917A00E9874E /* sectionlist.png */,
				2856088719A9917A00E9874E /* sectionlist2x.png */,
				285322F719A6F41E005DFF97 /* background.png */,
				285322F819A6F41E005DFF97 /* cellBg.png */,
			);
			path = Icons;
			sourceTree = "<group>";
		};
		2853230A19A6F41E005DFF97 /* SupportingFiles */ = {
			isa = PBXGroup;
			children = (
				2853232E19A6F57B005DFF97 /* EarthQuakeAlert-Info.plist */,
				2853232F19A6F57B005DFF97 /* EarthQuakeAlert-Prefix.pch */,
				2853233019A6F57B005DFF97 /* main.m */,
			);
			path = SupportingFiles;
			sourceTree = "<group>";
		};
		2853232319A6F4C9005DFF97 /* ABWebService */ = {
			isa = PBXGroup;
			children = (
				2853232419A6F4C9005DFF97 /* ABCommonUtils.h */,
				2853232519A6F4C9005DFF97 /* ABCommonUtils.m */,
				2853232619A6F4C9005DFF97 /* ABParser.h */,
				2853232719A6F4C9005DFF97 /* ABParser.m */,
				2853232819A6F4C9005DFF97 /* ABRestInterface.h */,
				2853232919A6F4C9005DFF97 /* ABRestInterface.m */,
				2853232A19A6F4C9005DFF97 /* WFMLocalization.h */,
			);
			path = ABWebService;
			sourceTree = "<group>";
		};
		2856087A19A9913D00E9874E /* ABCustomView */ = {
			isa = PBXGroup;
			children = (
			);
			path = ABCustomView;
			sourceTree = "<group>";
		};
		286C8F9C198BF35500B57E9A = {
			isa = PBXGroup;
			children = (
				286C8FAE198BF35500B57E9A /* EarthQuakeAlert */,
				286C8FD3198BF35500B57E9A /* EarthQuakeAlertTests */,
				286C8FA7198BF35500B57E9A /* Frameworks */,
				286C8FA6198BF35500B57E9A /* Products */,
				E593B53578034AF8A93348C4 /* Pods.xcconfig */,
			);
			sourceTree = "<group>";
		};
		286C8FA6198BF35500B57E9A /* Products */ = {
			isa = PBXGroup;
			children = (
				286C8FA5198BF35500B57E9A /* EarthQuakeAlert.app */,
				286C8FCC198BF35500B57E9A /* EarthQuakeAlertTests.xctest */,
			);
			name = Products;
			sourceTree = "<group>";
		};
		286C8FA7198BF35500B57E9A /* Frameworks */ = {
			isa = PBXGroup;
			children = (
				284DD74319A7D02400CC416D /* libPods.a */,
				284DD73E19A7BFE400CC416D /* libPods-ABCustomControl.a */,
				286C8FA8198BF35500B57E9A /* Foundation.framework */,
				286C8FAA198BF35500B57E9A /* CoreGraphics.framework */,
				286C8FAC198BF35500B57E9A /* UIKit.framework */,
				286C8FCD198BF35500B57E9A /* XCTest.framework */,
				C0B501C93EA44D799BF1EE7C /* libPods.a */,
			);
			name = Frameworks;
			sourceTree = "<group>";
		};
		286C8FAE198BF35500B57E9A /* EarthQuakeAlert */ = {
			isa = PBXGroup;
			children = (
				2856087A19A9913D00E9874E /* ABCustomView */,
				285322F419A6F41E005DFF97 /* Images.xcassets */,
				286C8FEA198BFC9000B57E9A /* ABExtension */,
				285322E319A6F41E005DFF97 /* ABViewController */,
				2853232319A6F4C9005DFF97 /* ABWebService */,
				285322F519A6F41E005DFF97 /* Resource */,
				2853230A19A6F41E005DFF97 /* SupportingFiles */,
			);
			path = EarthQuakeAlert;
			sourceTree = "<group>";
		};
		286C8FD3198BF35500B57E9A /* EarthQuakeAlertTests */ = {
			isa = PBXGroup;
			children = (
				286C8FD9198BF35500B57E9A /* EarthQuakeAlertTests.m */,
				286C8FD4198BF35500B57E9A /* Supporting Files */,
			);
			path = EarthQuakeAlertTests;
			sourceTree = "<group>";
		};
		286C8FD4198BF35500B57E9A /* Supporting Files */ = {
			isa = PBXGroup;
			children = (
				286C8FD5198BF35500B57E9A /* EarthQuakeAlertTests-Info.plist */,
				286C8FD6198BF35500B57E9A /* InfoPlist.strings */,
			);
			name = "Supporting Files";
			sourceTree = "<group>";
		};
		286C8FEA198BFC9000B57E9A /* ABExtension */ = {
			isa = PBXGroup;
			children = (
				28DBC0C319B6C73D00B328E1 /* STCollapseTableView.h */,
				28DBC0C419B6C73D00B328E1 /* STCollapseTableView.m */,
				286C8FEB198BFC9000B57E9A /* NSString+Extension.h */,
				286C8FEC198BFC9000B57E9A /* NSString+Extension.m */,
			);
			path = ABExtension;
			sourceTree = "<group>";
		};
/* End PBXGroup section */

/* Begin PBXNativeTarget section */
		286C8FA4198BF35500B57E9A /* EarthQuakeAlert */ = {
			isa = PBXNativeTarget;
			buildConfigurationList = 286C8FDD198BF35500B57E9A /* Build configuration list for PBXNativeTarget "EarthQuakeAlert" */;
			buildPhases = (
				286C8FA1198BF35500B57E9A /* Sources */,
				286C8FA2198BF35500B57E9A /* Frameworks */,
				286C8FA3198BF35500B57E9A /* Resources */,
				28EF475119A78FA80064A177 /* Check Pods Manifest.lock */,
				514E3822CC914933870E318B /* Copy Pods Resources */,
			);
			buildRules = (
			);
			dependencies = (
			);
			name = EarthQuakeAlert;
			productName = EarthQuakeAlert;
			productReference = 286C8FA5198BF35500B57E9A /* EarthQuakeAlert.app */;
			productType = "com.apple.product-type.application";
		};
		286C8FCB198BF35500B57E9A /* EarthQuakeAlertTests */ = {
			isa = PBXNativeTarget;
			buildConfigurationList = 286C8FE0198BF35500B57E9A /* Build configuration list for PBXNativeTarget "EarthQuakeAlertTests" */;
			buildPhases = (
				286C8FC8198BF35500B57E9A /* Sources */,
				286C8FC9198BF35500B57E9A /* Frameworks */,
				286C8FCA198BF35500B57E9A /* Resources */,
			);
			buildRules = (
			);
			dependencies = (
				286C8FD2198BF35500B57E9A /* PBXTargetDependency */,
			);
			name = EarthQuakeAlertTests;
			productName = EarthQuakeAlertTests;
			productReference = 286C8FCC198BF35500B57E9A /* EarthQuakeAlertTests.xctest */;
			productType = "com.apple.product-type.bundle.unit-test";
		};
/* End PBXNativeTarget section */

/* Begin PBXProject section */
		286C8F9D198BF35500B57E9A /* Project object */ = {
			isa = PBXProject;
			attributes = {
				LastUpgradeCheck = 0510;
				ORGANIZATIONNAME = "Dooars Solution";
				TargetAttributes = {
					286C8FCB198BF35500B57E9A = {
						TestTargetID = 286C8FA4198BF35500B57E9A;
					};
				};
			};
			buildConfigurationList = 286C8FA0198BF35500B57E9A /* Build configuration list for PBXProject "EarthQuakeAlert" */;
			compatibilityVersion = "Xcode 3.2";
			developmentRegion = English;
			hasScannedForEncodings = 0;
			knownRegions = (
				en,
				Base,
			);
			mainGroup = 286C8F9C198BF35500B57E9A;
			productRefGroup = 286C8FA6198BF35500B57E9A /* Products */;
			projectDirPath = "";
			projectRoot = "";
			targets = (
				286C8FA4198BF35500B57E9A /* EarthQuakeAlert */,
				286C8FCB198BF35500B57E9A /* EarthQuakeAlertTests */,
			);
		};
/* End PBXProject section */

/* Begin PBXResourcesBuildPhase section */
		286C8FA3198BF35500B57E9A /* Resources */ = {
			isa = PBXResourcesBuildPhase;
			buildActionMask = 2147483647;
			files = (
				2853231719A6F41E005DFF97 /* background.png in Resources */,
				2856088E19A9917A00E9874E /* sectionlist.png in Resources */,
				2856088D19A9917A00E9874E /* sectionheader@2x.png in Resources */,
				2853231819A6F41E005DFF97 /* cellBg.png in Resources */,
				2856088A19A9917A00E9874E /* sectionheader_blue.png in Resources */,
				2856088B19A9917A00E9874E /* sectionheader_blue@2x.png in Resources */,
				2856088919A9917A00E9874E /* sectionarrow_down@2x.png in Resources */,
				2853231A19A6F41E005DFF97 /* Main_iPad.storyboard in Resources */,
				28DBC0B819B57A8300B328E1 /* ABECollapseHeaderView.xib in Resources */,
				2856088C19A9917A00E9874E /* sectionheader.png in Resources */,
				2853231619A6F41E005DFF97 /* Images.xcassets in Resources */,
				2853231B19A6F41E005DFF97 /* Main_iPhone.storyboard in Resources */,
				2856088819A9917A00E9874E /* sectionarrow_down.png in Resources */,
				2853231919A6F41E005DFF97 /* InfoPlist.strings in Resources */,
				2856088F19A9917A00E9874E /* sectionlist2x.png in Resources */,
			);
			runOnlyForDeploymentPostprocessing = 0;
		};
		286C8FCA198BF35500B57E9A /* Resources */ = {
			isa = PBXResourcesBuildPhase;
			buildActionMask = 2147483647;
			files = (
				286C8FD8198BF35500B57E9A /* InfoPlist.strings in Resources */,
			);
			runOnlyForDeploymentPostprocessing = 0;
		};
/* End PBXResourcesBuildPhase section */

/* Begin PBXShellScriptBuildPhase section */
		28EF475119A78FA80064A177 /* Check Pods Manifest.lock */ = {
			isa = PBXShellScriptBuildPhase;
			buildActionMask = 2147483647;
			files = (
			);
			inputPaths = (
			);
			name = "Check Pods Manifest.lock";
			outputPaths = (
			);
			runOnlyForDeploymentPostprocessing = 0;
			shellPath = /bin/sh;
			shellScript = "diff \"${PODS_ROOT}/../Podfile.lock\" \"${PODS_ROOT}/Manifest.lock\" > /dev/null\nif [[ $? != 0 ]] ; then\ncat << EOM\nerror: The sandbox is not in sync with the Podfile.lock. Run 'pod install' or update your CocoaPods installation.\nEOM\nexit 1\nfi\n";
		};
		514E3822CC914933870E318B /* Copy Pods Resources */ = {
			isa = PBXShellScriptBuildPhase;
			buildActionMask = 2147483647;
			files = (
			);
			inputPaths = (
			);
			name = "Copy Pods Resources";
			outputPaths = (
			);
			runOnlyForDeploymentPostprocessing = 0;
			shellPath = /bin/sh;
			shellScript = "\"${SRCROOT}/Pods/Pods-resources.sh\"\n";
			showEnvVarsInLog = 0;
		};
/* End PBXShellScriptBuildPhase section */

/* Begin PBXSourcesBuildPhase section */
		286C8FA1198BF35500B57E9A /* Sources */ = {
			isa = PBXSourcesBuildPhase;
			buildActionMask = 2147483647;
			files = (
				286C8FED198BFC9000B57E9A /* NSString+Extension.m in Sources */,
				2853232C19A6F4C9005DFF97 /* ABParser.m in Sources */,
				2853232D19A6F4C9005DFF97 /* ABRestInterface.m in Sources */,
				28DBC0C519B6C73D00B328E1 /* STCollapseTableView.m in Sources */,
				2853231219A6F41E005DFF97 /* MasterViewController.m in Sources */,
				2853230F19A6F41E005DFF97 /* AppDelegate.m in Sources */,
				2853232B19A6F4C9005DFF97 /* ABCommonUtils.m in Sources */,
				2853231019A6F41E005DFF97 /* DescriptionViewController.m in Sources */,
				28DBC0B719B57A8300B328E1 /* ABECollapseHeaderView.m in Sources */,
				2853231119A6F41E005DFF97 /* DetailViewController.m in Sources */,
				2853233219A6F57B005DFF97 /* main.m in Sources */,
			);
			runOnlyForDeploymentPostprocessing = 0;
		};
		286C8FC8198BF35500B57E9A /* Sources */ = {
			isa = PBXSourcesBuildPhase;
			buildActionMask = 2147483647;
			files = (
				286C8FDA198BF35500B57E9A /* EarthQuakeAlertTests.m in Sources */,
			);
			runOnlyForDeploymentPostprocessing = 0;
		};
/* End PBXSourcesBuildPhase section */

/* Begin PBXTargetDependency section */
		286C8FD2198BF35500B57E9A /* PBXTargetDependency */ = {
			isa = PBXTargetDependency;
			target = 286C8FA4198BF35500B57E9A /* EarthQuakeAlert */;
			targetProxy = 286C8FD1198BF35500B57E9A /* PBXContainerItemProxy */;
		};
/* End PBXTargetDependency section */

/* Begin PBXVariantGroup section */
		286C8FD6198BF35500B57E9A /* InfoPlist.strings */ = {
			isa = PBXVariantGroup;
			children = (
				286C8FD7198BF35500B57E9A /* en */,
			);
			name = InfoPlist.strings;
			sourceTree = "<group>";
		};
/* End PBXVariantGroup section */

/* Begin XCBuildConfiguration section */
		286C8FDB198BF35500B57E9A /* Debug */ = {
			isa = XCBuildConfiguration;
			buildSettings = {
				ALWAYS_SEARCH_USER_PATHS = NO;
				CLANG_CXX_LANGUAGE_STANDARD = "gnu++0x";
				CLANG_CXX_LIBRARY = "libc++";
				CLANG_ENABLE_MODULES = YES;
				CLANG_ENABLE_OBJC_ARC = YES;
				CLANG_WARN_BOOL_CONVERSION = YES;
				CLANG_WARN_CONSTANT_CONVERSION = YES;
				CLANG_WARN_DIRECT_OBJC_ISA_USAGE = YES_ERROR;
				CLANG_WARN_EMPTY_BODY = YES;
				CLANG_WARN_ENUM_CONVERSION = YES;
				CLANG_WARN_INT_CONVERSION = YES;
				CLANG_WARN_OBJC_ROOT_CLASS = YES_ERROR;
				CLANG_WARN__DUPLICATE_METHOD_MATCH = YES;
				"CODE_SIGN_IDENTITY[sdk=iphoneos*]" = "iPhone Developer";
				COPY_PHASE_STRIP = NO;
				GCC_C_LANGUAGE_STANDARD = gnu99;
				GCC_DYNAMIC_NO_PIC = NO;
				GCC_OPTIMIZATION_LEVEL = 0;
				GCC_PREPROCESSOR_DEFINITIONS = (
					"DEBUG=1",
					"$(inherited)",
				);
				GCC_SYMBOLS_PRIVATE_EXTERN = NO;
				GCC_WARN_64_TO_32_BIT_CONVERSION = YES;
				GCC_WARN_ABOUT_RETURN_TYPE = YES_ERROR;
				GCC_WARN_UNDECLARED_SELECTOR = YES;
				GCC_WARN_UNINITIALIZED_AUTOS = YES_AGGRESSIVE;
				GCC_WARN_UNUSED_FUNCTION = YES;
				GCC_WARN_UNUSED_VARIABLE = YES;
				IPHONEOS_DEPLOYMENT_TARGET = 7.1;
				LIBRARY_SEARCH_PATHS = "$(PROJECT_DIR)/Pods/build/Debug-iphoneos";
				ONLY_ACTIVE_ARCH = YES;
				SDKROOT = iphoneos;
				TARGETED_DEVICE_FAMILY = "1,2";
			};
			name = Debug;
		};
		286C8FDC198BF35500B57E9A /* Release */ = {
			isa = XCBuildConfiguration;
			buildSettings = {
				ALWAYS_SEARCH_USER_PATHS = NO;
				CLANG_CXX_LANGUAGE_STANDARD = "gnu++0x";
				CLANG_CXX_LIBRARY = "libc++";
				CLANG_ENABLE_MODULES = YES;
				CLANG_ENABLE_OBJC_ARC = YES;
				CLANG_WARN_BOOL_CONVERSION = YES;
				CLANG_WARN_CONSTANT_CONVERSION = YES;
				CLANG_WARN_DIRECT_OBJC_ISA_USAGE = YES_ERROR;
				CLANG_WARN_EMPTY_BODY = YES;
				CLANG_WARN_ENUM_CONVERSION = YES;
				CLANG_WARN_INT_CONVERSION = YES;
				CLANG_WARN_OBJC_ROOT_CLASS = YES_ERROR;
				CLANG_WARN__DUPLICATE_METHOD_MATCH = YES;
				"CODE_SIGN_IDENTITY[sdk=iphoneos*]" = "iPhone Developer";
				COPY_PHASE_STRIP = YES;
				ENABLE_NS_ASSERTIONS = NO;
				GCC_C_LANGUAGE_STANDARD = gnu99;
				GCC_WARN_64_TO_32_BIT_CONVERSION = YES;
				GCC_WARN_ABOUT_RETURN_TYPE = YES_ERROR;
				GCC_WARN_UNDECLARED_SELECTOR = YES;
				GCC_WARN_UNINITIALIZED_AUTOS = YES_AGGRESSIVE;
				GCC_WARN_UNUSED_FUNCTION = YES;
				GCC_WARN_UNUSED_VARIABLE = YES;
				IPHONEOS_DEPLOYMENT_TARGET = 7.1;
				LIBRARY_SEARCH_PATHS = "$(PROJECT_DIR)/Pods/build/Debug-iphoneos";
				SDKROOT = iphoneos;
				TARGETED_DEVICE_FAMILY = "1,2";
				VALIDATE_PRODUCT = YES;
			};
			name = Release;
		};
		286C8FDE198BF35500B57E9A /* Debug */ = {
			isa = XCBuildConfiguration;
			baseConfigurationReference = E593B53578034AF8A93348C4 /* Pods.xcconfig */;
			buildSettings = {
				ALWAYS_SEARCH_USER_PATHS = YES;
				ASSETCATALOG_COMPILER_APPICON_NAME = AppIcon;
				ASSETCATALOG_COMPILER_LAUNCHIMAGE_NAME = LaunchImage;
				GCC_PRECOMPILE_PREFIX_HEADER = YES;
				GCC_PREFIX_HEADER = "EarthQuakeAlert/EarthQuakeAlert-Prefix.pch";
				HEADER_SEARCH_PATHS = (
					"\"${PODS_ROOT}/Headers\"/**",
					"\"${PODS_ROOT}/Headers/ABCustomControl\"/**",
				);
				INFOPLIST_FILE = "EarthQuakeAlert/EarthQuakeAlert-Info.plist";
				IPHONEOS_DEPLOYMENT_TARGET = 6.0;
				LIBRARY_SEARCH_PATHS = "$(TARGET_BUILD_DIR)/";
				PRODUCT_NAME = "$(TARGET_NAME)";
				USER_HEADER_SEARCH_PATHS = "\"${PODS_ROOT}/Headers/ABCustomControl\"/**";
				WRAPPER_EXTENSION = app;
			};
			name = Debug;
		};
		286C8FDF198BF35500B57E9A /* Release */ = {
			isa = XCBuildConfiguration;
			baseConfigurationReference = E593B53578034AF8A93348C4 /* Pods.xcconfig */;
			buildSettings = {
				ALWAYS_SEARCH_USER_PATHS = YES;
				ASSETCATALOG_COMPILER_APPICON_NAME = AppIcon;
				ASSETCATALOG_COMPILER_LAUNCHIMAGE_NAME = LaunchImage;
				GCC_PRECOMPILE_PREFIX_HEADER = YES;
				GCC_PREFIX_HEADER = "EarthQuakeAlert/EarthQuakeAlert-Prefix.pch";
				HEADER_SEARCH_PATHS = (
					"\"${PODS_ROOT}/Headers\"/**",
					"\"${PODS_ROOT}/Headers/ABCustomControl\"/**",
				);
				INFOPLIST_FILE = "EarthQuakeAlert/EarthQuakeAlert-Info.plist";
				IPHONEOS_DEPLOYMENT_TARGET = 6.0;
				LIBRARY_SEARCH_PATHS = "$(TARGET_BUILD_DIR)/";
				PRODUCT_NAME = "$(TARGET_NAME)";
				USER_HEADER_SEARCH_PATHS = "\"${PODS_ROOT}/Headers/ABCustomControl\"/**";
				WRAPPER_EXTENSION = app;
			};
			name = Release;
		};
		286C8FE1198BF35500B57E9A /* Debug */ = {
			isa = XCBuildConfiguration;
			buildSettings = {
				BUNDLE_LOADER = "$(BUILT_PRODUCTS_DIR)/EarthQuakeAlert.app/EarthQuakeAlert";
				FRAMEWORK_SEARCH_PATHS = (
					"$(SDKROOT)/Developer/Library/Frameworks",
					"$(inherited)",
					"$(DEVELOPER_FRAMEWORKS_DIR)",
				);
				GCC_PRECOMPILE_PREFIX_HEADER = YES;
				GCC_PREFIX_HEADER = "EarthQuakeAlert/EarthQuakeAlert-Prefix.pch";
				GCC_PREPROCESSOR_DEFINITIONS = (
					"DEBUG=1",
					"$(inherited)",
				);
				INFOPLIST_FILE = "EarthQuakeAlertTests/EarthQuakeAlertTests-Info.plist";
				PRODUCT_NAME = "$(TARGET_NAME)";
				TEST_HOST = "$(BUNDLE_LOADER)";
				WRAPPER_EXTENSION = xctest;
			};
			name = Debug;
		};
		286C8FE2198BF35500B57E9A /* Release */ = {
			isa = XCBuildConfiguration;
			buildSettings = {
				BUNDLE_LOADER = "$(BUILT_PRODUCTS_DIR)/EarthQuakeAlert.app/EarthQuakeAlert";
				FRAMEWORK_SEARCH_PATHS = (
					"$(SDKROOT)/Developer/Library/Frameworks",
					"$(inherited)",
					"$(DEVELOPER_FRAMEWORKS_DIR)",
				);
				GCC_PRECOMPILE_PREFIX_HEADER = YES;
				GCC_PREFIX_HEADER = "EarthQuakeAlert/EarthQuakeAlert-Prefix.pch";
				INFOPLIST_FILE = "EarthQuakeAlertTests/EarthQuakeAlertTests-Info.plist";
				PRODUCT_NAME = "$(TARGET_NAME)";
				TEST_HOST = "$(BUNDLE_LOADER)";
				WRAPPER_EXTENSION = xctest;
			};
			name = Release;
		};
/* End XCBuildConfiguration section */

/* Begin XCConfigurationList section */
		286C8FA0198BF35500B57E9A /* Build configuration list for PBXProject "EarthQuakeAlert" */ = {
			isa = XCConfigurationList;
			buildConfigurations = (
				286C8FDB198BF35500B57E9A /* Debug */,
				286C8FDC198BF35500B57E9A /* Release */,
			);
			defaultConfigurationIsVisible = 0;
			defaultConfigurationName = Release;
		};
		286C8FDD198BF35500B57E9A /* Build configuration list for PBXNativeTarget "EarthQuakeAlert" */ = {
			isa = XCConfigurationList;
			buildConfigurations = (
				286C8FDE198BF35500B57E9A /* Debug */,
				286C8FDF198BF35500B57E9A /* Release */,
			);
			defaultConfigurationIsVisible = 0;
			defaultConfigurationName = Release;
		};
		286C8FE0198BF35500B57E9A /* Build configuration list for PBXNativeTarget "EarthQuakeAlertTests" */ = {
			isa = XCConfigurationList;
			buildConfigurations = (
				286C8FE1198BF35500B57E9A /* Debug */,
				286C8FE2198BF35500B57E9A /* Release */,
			);
			defaultConfigurationIsVisible = 0;
			defaultConfigurationName = Release;
		};
/* End XCConfigurationList section */
	};
	rootObject = 286C8F9D198BF35500B57E9A /* Project object */;
}
